
Microsoft Visual Studio Solution File, Format Version 12.00
# Visual Studio 2013
VisualStudioVersion = 12.0.21005.1
MinimumVisualStudioVersion = 10.0.40219.1
Project("{FAE04EC0-301F-11D3-BF4B-00C04F79EFBC}") = "SITAOFPHelper", "SITAOFPHelper\SITAOFPHelper.csproj", "{1B3B930A-0274-406C-92F8-0B24A9F5FFD5}"
EndProject
Project("{FAE04EC0-301F-11D3-BF4B-00C04F79EFBC}") = "PreBriefMini", "PreBriefMini\PreBriefMini.csproj", "{78BC1C84-E530-4812-B9ED-3312E74C46CA}"
EndProject
Project("{FAE04EC0-301F-11D3-BF4B-00C04F79EFBC}") = "OFPLIST", "OFPLIST\OFPLIST.csproj", "{8E3887DF-7841-4F7F-BC88-C8074A800D7B}"
EndProject
Project("{FAE04EC0-301F-11D3-BF4B-00C04F79EFBC}") = "FlightsList", "FlightsList\FlightsList.csproj", "{9578DB36-17C9-4D76-8993-C41F436C774F}"
EndProject
Global
	GlobalSection(SolutionConfigurationPlatforms) = preSolution
		Debug|Any CPU = Debug|Any CPU
		Debug|Mixed Platforms = Debug|Mixed Platforms
		Debug|x86 = Debug|x86
		Release|Any CPU = Release|Any CPU
		Release|Mixed Platforms = Release|Mixed Platforms
		Release|x86 = Release|x86
	EndGlobalSection
	GlobalSection(ProjectConfigurationPlatforms) = postSolution
		{1B3B930A-0274-406C-92F8-0B24A9F5FFD5}.Debug|Any CPU.ActiveCfg = Debug|Any CPU
		{1B3B930A-0274-406C-92F8-0B24A9F5FFD5}.Debug|Any CPU.Build.0 = Debug|Any CPU
		{1B3B930A-0274-406C-92F8-0B24A9F5FFD5}.Debug|Mixed Platforms.ActiveCfg = Debug|Any CPU
		{1B3B930A-0274-406C-92F8-0B24A9F5FFD5}.Debug|Mixed Platforms.Build.0 = Debug|Any CPU
		{1B3B930A-0274-406C-92F8-0B24A9F5FFD5}.Debug|x86.ActiveCfg = Debug|Any CPU
		{1B3B930A-0274-406C-92F8-0B24A9F5FFD5}.Release|Any CPU.ActiveCfg = Release|Any CPU
		{1B3B930A-0274-406C-92F8-0B24A9F5FFD5}.Release|Any CPU.Build.0 = Release|Any CPU
		{1B3B930A-0274-406C-92F8-0B24A9F5FFD5}.Release|Mixed Platforms.ActiveCfg = Release|Any CPU
		{1B3B930A-0274-406C-92F8-0B24A9F5FFD5}.Release|Mixed Platforms.Build.0 = Release|Any CPU
		{1B3B930A-0274-406C-92F8-0B24A9F5FFD5}.Release|x86.ActiveCfg = Release|Any CPU
		{78BC1C84-E530-4812-B9ED-3312E74C46CA}.Debug|Any CPU.ActiveCfg = Debug|x86
		{78BC1C84-E530-4812-B9ED-3312E74C46CA}.Debug|Mixed Platforms.ActiveCfg = Debug|x86
		{78BC1C84-E530-4812-B9ED-3312E74C46CA}.Debug|Mixed Platforms.Build.0 = Debug|x86
		{78BC1C84-E530-4812-B9ED-3312E74C46CA}.Debug|x86.ActiveCfg = Debug|x86
		{78BC1C84-E530-4812-B9ED-3312E74C46CA}.Debug|x86.Build.0 = Debug|x86
		{78BC1C84-E530-4812-B9ED-3312E74C46CA}.Release|Any CPU.ActiveCfg = Release|x86
		{78BC1C84-E530-4812-B9ED-3312E74C46CA}.Release|Mixed Platforms.ActiveCfg = Release|x86
		{78BC1C84-E530-4812-B9ED-3312E74C46CA}.Release|Mixed Platforms.Build.0 = Release|x86
		{78BC1C84-E530-4812-B9ED-3312E74C46CA}.Release|x86.ActiveCfg = Release|x86
		{78BC1C84-E530-4812-B9ED-3312E74C46CA}.Release|x86.Build.0 = Release|x86
		{8E3887DF-7841-4F7F-BC88-C8074A800D7B}.Debug|Any CPU.ActiveCfg = Debug|Any CPU
		{8E3887DF-7841-4F7F-BC88-C8074A800D7B}.Debug|Any CPU.Build.0 = Debug|Any CPU
		{8E3887DF-7841-4F7F-BC88-C8074A800D7B}.Debug|Mixed Platforms.ActiveCfg = Debug|Any CPU
		{8E3887DF-7841-4F7F-BC88-C8074A800D7B}.Debug|Mixed Platforms.Build.0 = Debug|Any CPU
		{8E3887DF-7841-4F7F-BC88-C8074A800D7B}.Debug|x86.ActiveCfg = Debug|Any CPU
		{8E3887DF-7841-4F7F-BC88-C8074A800D7B}.Release|Any CPU.ActiveCfg = Release|Any CPU
		{8E3887DF-7841-4F7F-BC88-C8074A800D7B}.Release|Any CPU.Build.0 = Release|Any CPU
		{8E3887DF-7841-4F7F-BC88-C8074A800D7B}.Release|Mixed Platforms.ActiveCfg = Release|Any CPU
		{8E3887DF-7841-4F7F-BC88-C8074A800D7B}.Release|Mixed Platforms.Build.0 = Release|Any CPU
		{8E3887DF-7841-4F7F-BC88-C8074A800D7B}.Release|x86.ActiveCfg = Release|Any CPU
		{9578DB36-17C9-4D76-8993-C41F436C774F}.Debug|Any CPU.ActiveCfg = Debug|Any CPU
		{9578DB36-17C9-4D76-8993-C41F436C774F}.Debug|Any CPU.Build.0 = Debug|Any CPU
		{9578DB36-17C9-4D76-8993-C41F436C774F}.Debug|Mixed Platforms.ActiveCfg = Debug|Any CPU
		{9578DB36-17C9-4D76-8993-C41F436C774F}.Debug|Mixed Platforms.Build.0 = Debug|Any CPU
		{9578DB36-17C9-4D76-8993-C41F436C774F}.Debug|x86.ActiveCfg = Debug|Any CPU
		{9578DB36-17C9-4D76-8993-C41F436C774F}.Release|Any CPU.ActiveCfg = Release|Any CPU
		{9578DB36-17C9-4D76-8993-C41F436C774F}.Release|Any CPU.Build.0 = Release|Any CPU
		{9578DB36-17C9-4D76-8993-C41F436C774F}.Release|Mixed Platforms.ActiveCfg = Release|Any CPU
		{9578DB36-17C9-4D76-8993-C41F436C774F}.Release|Mixed Platforms.Build.0 = Release|Any CPU
		{9578DB36-17C9-4D76-8993-C41F436C774F}.Release|x86.ActiveCfg = Release|Any CPU
	EndGlobalSection
	GlobalSection(SolutionProperties) = preSolution
		HideSolutionNode = FALSE
	EndGlobalSection
EndGlobal
